// !$*UTF8*$!
{
	archiveVersion = 1;
	classes = {
	};
	objectVersion = 51;
	objects = {

/* Begin PBXBuildFile section */
		2C384C7C23FD9958008AAD85 /* UsersScenePresenter.swift in Sources */ = {isa = PBXBuildFile; fileRef = 2C384C7623FD9958008AAD85 /* UsersScenePresenter.swift */; };
		2C384C7D23FD9958008AAD85 /* UsersSceneWorker.swift in Sources */ = {isa = PBXBuildFile; fileRef = 2C384C7723FD9958008AAD85 /* UsersSceneWorker.swift */; };
		2C384C7E23FD9958008AAD85 /* UsersSceneRouter.swift in Sources */ = {isa = PBXBuildFile; fileRef = 2C384C7823FD9958008AAD85 /* UsersSceneRouter.swift */; };
		2C384C7F23FD9958008AAD85 /* UsersSceneModels.swift in Sources */ = {isa = PBXBuildFile; fileRef = 2C384C7923FD9958008AAD85 /* UsersSceneModels.swift */; };
		2C384C8023FD9958008AAD85 /* UsersSceneViewController.swift in Sources */ = {isa = PBXBuildFile; fileRef = 2C384C7A23FD9958008AAD85 /* UsersSceneViewController.swift */; };
		2C384C8123FD9958008AAD85 /* UsersSceneInteractor.swift in Sources */ = {isa = PBXBuildFile; fileRef = 2C384C7B23FD9958008AAD85 /* UsersSceneInteractor.swift */; };
		2C384C8323FD9C63008AAD85 /* Colors.swift in Sources */ = {isa = PBXBuildFile; fileRef = 2C384C8223FD9C63008AAD85 /* Colors.swift */; };
		2C384C8623FDA3F6008AAD85 /* UsersSceneTableViewDataSource.swift in Sources */ = {isa = PBXBuildFile; fileRef = 2C384C8523FDA3F6008AAD85 /* UsersSceneTableViewDataSource.swift */; };
		2C384C8823FDA624008AAD85 /* UsersSceneTableViewDelegate.swift in Sources */ = {isa = PBXBuildFile; fileRef = 2C384C8723FDA624008AAD85 /* UsersSceneTableViewDelegate.swift */; };
		2C384C8B23FDB6E0008AAD85 /* ErrorView.swift in Sources */ = {isa = PBXBuildFile; fileRef = 2C384C8A23FDB6E0008AAD85 /* ErrorView.swift */; };
		2C384C8D23FDD1E2008AAD85 /* UsersTableViewCell.swift in Sources */ = {isa = PBXBuildFile; fileRef = 2C384C8C23FDD1E2008AAD85 /* UsersTableViewCell.swift */; };
		2C384C9523FDD4E5008AAD85 /* UsersSceneViewControllerTests.swift in Sources */ = {isa = PBXBuildFile; fileRef = 2C384C9123FDD4E5008AAD85 /* UsersSceneViewControllerTests.swift */; };
		2C384C9623FDD4E5008AAD85 /* UsersSceneInteractorTests.swift in Sources */ = {isa = PBXBuildFile; fileRef = 2C384C9223FDD4E5008AAD85 /* UsersSceneInteractorTests.swift */; };
		2C384C9823FDD4E5008AAD85 /* UsersScenePresenterTests.swift in Sources */ = {isa = PBXBuildFile; fileRef = 2C384C9423FDD4E5008AAD85 /* UsersScenePresenterTests.swift */; };
		2C384C9B23FDD53C008AAD85 /* UsersSceneBusinessLogicSpy.swift in Sources */ = {isa = PBXBuildFile; fileRef = 2C384C9A23FDD53C008AAD85 /* UsersSceneBusinessLogicSpy.swift */; };
		2C384C9D23FDD5DA008AAD85 /* UsersScenePresentationLogicSpy.swift in Sources */ = {isa = PBXBuildFile; fileRef = 2C384C9C23FDD5DA008AAD85 /* UsersScenePresentationLogicSpy.swift */; };
		2C384C9F23FDD66C008AAD85 /* UsersSceneWorkerMock.swift in Sources */ = {isa = PBXBuildFile; fileRef = 2C384C9E23FDD66C008AAD85 /* UsersSceneWorkerMock.swift */; };
		2C384CA223FDD787008AAD85 /* UsersSceneDisplayLogic.swift in Sources */ = {isa = PBXBuildFile; fileRef = 2C384CA123FDD787008AAD85 /* UsersSceneDisplayLogic.swift */; };
		2C97543623FD7A5A001BB95C /* AppDelegate.swift in Sources */ = {isa = PBXBuildFile; fileRef = 2C97543523FD7A5A001BB95C /* AppDelegate.swift */; };
		2C97543823FD7A5A001BB95C /* ViewController.swift in Sources */ = {isa = PBXBuildFile; fileRef = 2C97543723FD7A5A001BB95C /* ViewController.swift */; };
		2C97543E23FD7A5A001BB95C /* photoalbumsexample.xcdatamodeld in Sources */ = {isa = PBXBuildFile; fileRef = 2C97543C23FD7A5A001BB95C /* photoalbumsexample.xcdatamodeld */; };
		2C97544023FD7A5A001BB95C /* Assets.xcassets in Resources */ = {isa = PBXBuildFile; fileRef = 2C97543F23FD7A5A001BB95C /* Assets.xcassets */; };
		2C97544323FD7A5A001BB95C /* LaunchScreen.storyboard in Resources */ = {isa = PBXBuildFile; fileRef = 2C97544123FD7A5A001BB95C /* LaunchScreen.storyboard */; };
		2C97545923FD7A5B001BB95C /* photoalbumsexampleUITests.swift in Sources */ = {isa = PBXBuildFile; fileRef = 2C97545823FD7A5B001BB95C /* photoalbumsexampleUITests.swift */; };
		2C97546823FD7B4E001BB95C /* Constants.swift in Sources */ = {isa = PBXBuildFile; fileRef = 2C97546723FD7B4E001BB95C /* Constants.swift */; };
		2C97546B23FD7C5A001BB95C /* URL+Extensions.swift in Sources */ = {isa = PBXBuildFile; fileRef = 2C97546A23FD7C5A001BB95C /* URL+Extensions.swift */; };
		2C97546C23FD7D19001BB95C /* Constants.swift in Sources */ = {isa = PBXBuildFile; fileRef = 2C97546723FD7B4E001BB95C /* Constants.swift */; };
		2C97546F23FD7D63001BB95C /* URL+ExtensionsTests.swift in Sources */ = {isa = PBXBuildFile; fileRef = 2C97546E23FD7D63001BB95C /* URL+ExtensionsTests.swift */; };
		2C97547223FD834B001BB95C /* User.swift in Sources */ = {isa = PBXBuildFile; fileRef = 2C97547123FD834B001BB95C /* User.swift */; };
		2C97547523FD8386001BB95C /* Address.swift in Sources */ = {isa = PBXBuildFile; fileRef = 2C97547423FD8386001BB95C /* Address.swift */; };
		2C97547723FD839C001BB95C /* Geolocation.swift in Sources */ = {isa = PBXBuildFile; fileRef = 2C97547623FD839C001BB95C /* Geolocation.swift */; };
		2C97547923FD85D3001BB95C /* Company.swift in Sources */ = {isa = PBXBuildFile; fileRef = 2C97547823FD85D3001BB95C /* Company.swift */; };
		2C97547B23FD86C4001BB95C /* Album.swift in Sources */ = {isa = PBXBuildFile; fileRef = 2C97547A23FD86C4001BB95C /* Album.swift */; };
		2C97547D23FD8714001BB95C /* Photo.swift in Sources */ = {isa = PBXBuildFile; fileRef = 2C97547C23FD8714001BB95C /* Photo.swift */; };
		2C97548023FD894D001BB95C /* ApiClient.swift in Sources */ = {isa = PBXBuildFile; fileRef = 2C97547F23FD894D001BB95C /* ApiClient.swift */; };
		2C97548423FD93D2001BB95C /* AppNavigationController.swift in Sources */ = {isa = PBXBuildFile; fileRef = 2C97548323FD93D2001BB95C /* AppNavigationController.swift */; };
		4CAF2FE5326300F60C32E0C8 /* Pods_photoalbumsexample_photoalbumsexampleUITests.framework in Frameworks */ = {isa = PBXBuildFile; fileRef = 7934ECCE98F9C5F1C3D05371 /* Pods_photoalbumsexample_photoalbumsexampleUITests.framework */; };
		A332BE756296AFE5E66C0E3B /* Pods_photoalbumsexampleTests.framework in Frameworks */ = {isa = PBXBuildFile; fileRef = 3194539214C9E05EB3AEB868 /* Pods_photoalbumsexampleTests.framework */; };
		DF067AAF11BA8D13F8BA51C2 /* Pods_photoalbumsexample.framework in Frameworks */ = {isa = PBXBuildFile; fileRef = 03DF58BDF2C7CE99A5185001 /* Pods_photoalbumsexample.framework */; };
/* End PBXBuildFile section */

/* Begin PBXContainerItemProxy section */
		2C97544A23FD7A5A001BB95C /* PBXContainerItemProxy */ = {
			isa = PBXContainerItemProxy;
			containerPortal = 2C97542A23FD7A5A001BB95C /* Project object */;
			proxyType = 1;
			remoteGlobalIDString = 2C97543123FD7A5A001BB95C;
			remoteInfo = photoalbumsexample;
		};
		2C97545523FD7A5B001BB95C /* PBXContainerItemProxy */ = {
			isa = PBXContainerItemProxy;
			containerPortal = 2C97542A23FD7A5A001BB95C /* Project object */;
			proxyType = 1;
			remoteGlobalIDString = 2C97543123FD7A5A001BB95C;
			remoteInfo = photoalbumsexample;
		};
/* End PBXContainerItemProxy section */

/* Begin PBXFileReference section */
		03DF58BDF2C7CE99A5185001 /* Pods_photoalbumsexample.framework */ = {isa = PBXFileReference; explicitFileType = wrapper.framework; includeInIndex = 0; path = Pods_photoalbumsexample.framework; sourceTree = BUILT_PRODUCTS_DIR; };
		152AD58FFAD50D4728A32097 /* Pods-photoalbumsexample.release.xcconfig */ = {isa = PBXFileReference; includeInIndex = 1; lastKnownFileType = text.xcconfig; name = "Pods-photoalbumsexample.release.xcconfig"; path = "Target Support Files/Pods-photoalbumsexample/Pods-photoalbumsexample.release.xcconfig"; sourceTree = "<group>"; };
		2C384C7623FD9958008AAD85 /* UsersScenePresenter.swift */ = {isa = PBXFileReference; lastKnownFileType = sourcecode.swift; path = UsersScenePresenter.swift; sourceTree = "<group>"; };
		2C384C7723FD9958008AAD85 /* UsersSceneWorker.swift */ = {isa = PBXFileReference; lastKnownFileType = sourcecode.swift; path = UsersSceneWorker.swift; sourceTree = "<group>"; };
		2C384C7823FD9958008AAD85 /* UsersSceneRouter.swift */ = {isa = PBXFileReference; lastKnownFileType = sourcecode.swift; path = UsersSceneRouter.swift; sourceTree = "<group>"; };
		2C384C7923FD9958008AAD85 /* UsersSceneModels.swift */ = {isa = PBXFileReference; lastKnownFileType = sourcecode.swift; path = UsersSceneModels.swift; sourceTree = "<group>"; };
		2C384C7A23FD9958008AAD85 /* UsersSceneViewController.swift */ = {isa = PBXFileReference; lastKnownFileType = sourcecode.swift; path = UsersSceneViewController.swift; sourceTree = "<group>"; };
		2C384C7B23FD9958008AAD85 /* UsersSceneInteractor.swift */ = {isa = PBXFileReference; lastKnownFileType = sourcecode.swift; path = UsersSceneInteractor.swift; sourceTree = "<group>"; };
		2C384C8223FD9C63008AAD85 /* Colors.swift */ = {isa = PBXFileReference; lastKnownFileType = sourcecode.swift; path = Colors.swift; sourceTree = "<group>"; };
		2C384C8523FDA3F6008AAD85 /* UsersSceneTableViewDataSource.swift */ = {isa = PBXFileReference; lastKnownFileType = sourcecode.swift; path = UsersSceneTableViewDataSource.swift; sourceTree = "<group>"; };
		2C384C8723FDA624008AAD85 /* UsersSceneTableViewDelegate.swift */ = {isa = PBXFileReference; lastKnownFileType = sourcecode.swift; path = UsersSceneTableViewDelegate.swift; sourceTree = "<group>"; };
		2C384C8A23FDB6E0008AAD85 /* ErrorView.swift */ = {isa = PBXFileReference; lastKnownFileType = sourcecode.swift; path = ErrorView.swift; sourceTree = "<group>"; };
		2C384C8C23FDD1E2008AAD85 /* UsersTableViewCell.swift */ = {isa = PBXFileReference; lastKnownFileType = sourcecode.swift; path = UsersTableViewCell.swift; sourceTree = "<group>"; };
		2C384C9123FDD4E5008AAD85 /* UsersSceneViewControllerTests.swift */ = {isa = PBXFileReference; lastKnownFileType = sourcecode.swift; path = UsersSceneViewControllerTests.swift; sourceTree = "<group>"; };
		2C384C9223FDD4E5008AAD85 /* UsersSceneInteractorTests.swift */ = {isa = PBXFileReference; lastKnownFileType = sourcecode.swift; path = UsersSceneInteractorTests.swift; sourceTree = "<group>"; };
		2C384C9423FDD4E5008AAD85 /* UsersScenePresenterTests.swift */ = {isa = PBXFileReference; lastKnownFileType = sourcecode.swift; path = UsersScenePresenterTests.swift; sourceTree = "<group>"; };
		2C384C9A23FDD53C008AAD85 /* UsersSceneBusinessLogicSpy.swift */ = {isa = PBXFileReference; lastKnownFileType = sourcecode.swift; path = UsersSceneBusinessLogicSpy.swift; sourceTree = "<group>"; };
		2C384C9C23FDD5DA008AAD85 /* UsersScenePresentationLogicSpy.swift */ = {isa = PBXFileReference; lastKnownFileType = sourcecode.swift; path = UsersScenePresentationLogicSpy.swift; sourceTree = "<group>"; };
		2C384C9E23FDD66C008AAD85 /* UsersSceneWorkerMock.swift */ = {isa = PBXFileReference; lastKnownFileType = sourcecode.swift; path = UsersSceneWorkerMock.swift; sourceTree = "<group>"; };
		2C384CA123FDD787008AAD85 /* UsersSceneDisplayLogic.swift */ = {isa = PBXFileReference; lastKnownFileType = sourcecode.swift; path = UsersSceneDisplayLogic.swift; sourceTree = "<group>"; };
		2C97543223FD7A5A001BB95C /* photoalbumsexample.app */ = {isa = PBXFileReference; explicitFileType = wrapper.application; includeInIndex = 0; path = photoalbumsexample.app; sourceTree = BUILT_PRODUCTS_DIR; };
		2C97543523FD7A5A001BB95C /* AppDelegate.swift */ = {isa = PBXFileReference; lastKnownFileType = sourcecode.swift; path = AppDelegate.swift; sourceTree = "<group>"; };
		2C97543723FD7A5A001BB95C /* ViewController.swift */ = {isa = PBXFileReference; lastKnownFileType = sourcecode.swift; path = ViewController.swift; sourceTree = "<group>"; };
		2C97543D23FD7A5A001BB95C /* photoalbumsexample.xcdatamodel */ = {isa = PBXFileReference; lastKnownFileType = wrapper.xcdatamodel; path = photoalbumsexample.xcdatamodel; sourceTree = "<group>"; };
		2C97543F23FD7A5A001BB95C /* Assets.xcassets */ = {isa = PBXFileReference; lastKnownFileType = folder.assetcatalog; path = Assets.xcassets; sourceTree = "<group>"; };
		2C97544223FD7A5A001BB95C /* Base */ = {isa = PBXFileReference; lastKnownFileType = file.storyboard; name = Base; path = Base.lproj/LaunchScreen.storyboard; sourceTree = "<group>"; };
		2C97544423FD7A5A001BB95C /* Info.plist */ = {isa = PBXFileReference; lastKnownFileType = text.plist.xml; path = Info.plist; sourceTree = "<group>"; };
		2C97544923FD7A5A001BB95C /* photoalbumsexampleTests.xctest */ = {isa = PBXFileReference; explicitFileType = wrapper.cfbundle; includeInIndex = 0; path = photoalbumsexampleTests.xctest; sourceTree = BUILT_PRODUCTS_DIR; };
		2C97544F23FD7A5B001BB95C /* Info.plist */ = {isa = PBXFileReference; lastKnownFileType = text.plist.xml; path = Info.plist; sourceTree = "<group>"; };
		2C97545423FD7A5B001BB95C /* photoalbumsexampleUITests.xctest */ = {isa = PBXFileReference; explicitFileType = wrapper.cfbundle; includeInIndex = 0; path = photoalbumsexampleUITests.xctest; sourceTree = BUILT_PRODUCTS_DIR; };
		2C97545823FD7A5B001BB95C /* photoalbumsexampleUITests.swift */ = {isa = PBXFileReference; lastKnownFileType = sourcecode.swift; path = photoalbumsexampleUITests.swift; sourceTree = "<group>"; };
		2C97545A23FD7A5B001BB95C /* Info.plist */ = {isa = PBXFileReference; lastKnownFileType = text.plist.xml; path = Info.plist; sourceTree = "<group>"; };
		2C97546723FD7B4E001BB95C /* Constants.swift */ = {isa = PBXFileReference; lastKnownFileType = sourcecode.swift; path = Constants.swift; sourceTree = "<group>"; };
		2C97546A23FD7C5A001BB95C /* URL+Extensions.swift */ = {isa = PBXFileReference; lastKnownFileType = sourcecode.swift; path = "URL+Extensions.swift"; sourceTree = "<group>"; };
		2C97546D23FD7D62001BB95C /* photoalbumsexampleTests-Bridging-Header.h */ = {isa = PBXFileReference; lastKnownFileType = sourcecode.c.h; path = "photoalbumsexampleTests-Bridging-Header.h"; sourceTree = "<group>"; };
		2C97546E23FD7D63001BB95C /* URL+ExtensionsTests.swift */ = {isa = PBXFileReference; lastKnownFileType = sourcecode.swift; path = "URL+ExtensionsTests.swift"; sourceTree = "<group>"; };
		2C97547123FD834B001BB95C /* User.swift */ = {isa = PBXFileReference; lastKnownFileType = sourcecode.swift; path = User.swift; sourceTree = "<group>"; };
		2C97547423FD8386001BB95C /* Address.swift */ = {isa = PBXFileReference; lastKnownFileType = sourcecode.swift; path = Address.swift; sourceTree = "<group>"; };
		2C97547623FD839C001BB95C /* Geolocation.swift */ = {isa = PBXFileReference; lastKnownFileType = sourcecode.swift; path = Geolocation.swift; sourceTree = "<group>"; };
		2C97547823FD85D3001BB95C /* Company.swift */ = {isa = PBXFileReference; lastKnownFileType = sourcecode.swift; path = Company.swift; sourceTree = "<group>"; };
		2C97547A23FD86C4001BB95C /* Album.swift */ = {isa = PBXFileReference; lastKnownFileType = sourcecode.swift; path = Album.swift; sourceTree = "<group>"; };
		2C97547C23FD8714001BB95C /* Photo.swift */ = {isa = PBXFileReference; lastKnownFileType = sourcecode.swift; path = Photo.swift; sourceTree = "<group>"; };
		2C97547F23FD894D001BB95C /* ApiClient.swift */ = {isa = PBXFileReference; lastKnownFileType = sourcecode.swift; path = ApiClient.swift; sourceTree = "<group>"; };
		2C97548323FD93D2001BB95C /* AppNavigationController.swift */ = {isa = PBXFileReference; lastKnownFileType = sourcecode.swift; path = AppNavigationController.swift; sourceTree = "<group>"; };
		3194539214C9E05EB3AEB868 /* Pods_photoalbumsexampleTests.framework */ = {isa = PBXFileReference; explicitFileType = wrapper.framework; includeInIndex = 0; path = Pods_photoalbumsexampleTests.framework; sourceTree = BUILT_PRODUCTS_DIR; };
		4458C82187134689C84D7625 /* Pods-photoalbumsexample-photoalbumsexampleUITests.debug.xcconfig */ = {isa = PBXFileReference; includeInIndex = 1; lastKnownFileType = text.xcconfig; name = "Pods-photoalbumsexample-photoalbumsexampleUITests.debug.xcconfig"; path = "Target Support Files/Pods-photoalbumsexample-photoalbumsexampleUITests/Pods-photoalbumsexample-photoalbumsexampleUITests.debug.xcconfig"; sourceTree = "<group>"; };
		4DFBFA10A52B4317B1F457A0 /* Pods-photoalbumsexampleTests.release.xcconfig */ = {isa = PBXFileReference; includeInIndex = 1; lastKnownFileType = text.xcconfig; name = "Pods-photoalbumsexampleTests.release.xcconfig"; path = "Target Support Files/Pods-photoalbumsexampleTests/Pods-photoalbumsexampleTests.release.xcconfig"; sourceTree = "<group>"; };
		7934ECCE98F9C5F1C3D05371 /* Pods_photoalbumsexample_photoalbumsexampleUITests.framework */ = {isa = PBXFileReference; explicitFileType = wrapper.framework; includeInIndex = 0; path = Pods_photoalbumsexample_photoalbumsexampleUITests.framework; sourceTree = BUILT_PRODUCTS_DIR; };
		8FD89C3A4A418B643B90E899 /* Pods-photoalbumsexampleTests.debug.xcconfig */ = {isa = PBXFileReference; includeInIndex = 1; lastKnownFileType = text.xcconfig; name = "Pods-photoalbumsexampleTests.debug.xcconfig"; path = "Target Support Files/Pods-photoalbumsexampleTests/Pods-photoalbumsexampleTests.debug.xcconfig"; sourceTree = "<group>"; };
		9246691AE9B58E697563DF13 /* Pods-photoalbumsexample-photoalbumsexampleUITests.release.xcconfig */ = {isa = PBXFileReference; includeInIndex = 1; lastKnownFileType = text.xcconfig; name = "Pods-photoalbumsexample-photoalbumsexampleUITests.release.xcconfig"; path = "Target Support Files/Pods-photoalbumsexample-photoalbumsexampleUITests/Pods-photoalbumsexample-photoalbumsexampleUITests.release.xcconfig"; sourceTree = "<group>"; };
		C38575BC4E539253BF9FBFA6 /* Pods-photoalbumsexample.debug.xcconfig */ = {isa = PBXFileReference; includeInIndex = 1; lastKnownFileType = text.xcconfig; name = "Pods-photoalbumsexample.debug.xcconfig"; path = "Target Support Files/Pods-photoalbumsexample/Pods-photoalbumsexample.debug.xcconfig"; sourceTree = "<group>"; };
/* End PBXFileReference section */

/* Begin PBXFrameworksBuildPhase section */
		2C97542F23FD7A5A001BB95C /* Frameworks */ = {
			isa = PBXFrameworksBuildPhase;
			buildActionMask = 2147483647;
			files = (
				DF067AAF11BA8D13F8BA51C2 /* Pods_photoalbumsexample.framework in Frameworks */,
			);
			runOnlyForDeploymentPostprocessing = 0;
		};
		2C97544623FD7A5A001BB95C /* Frameworks */ = {
			isa = PBXFrameworksBuildPhase;
			buildActionMask = 2147483647;
			files = (
				A332BE756296AFE5E66C0E3B /* Pods_photoalbumsexampleTests.framework in Frameworks */,
			);
			runOnlyForDeploymentPostprocessing = 0;
		};
		2C97545123FD7A5B001BB95C /* Frameworks */ = {
			isa = PBXFrameworksBuildPhase;
			buildActionMask = 2147483647;
			files = (
				4CAF2FE5326300F60C32E0C8 /* Pods_photoalbumsexample_photoalbumsexampleUITests.framework in Frameworks */,
			);
			runOnlyForDeploymentPostprocessing = 0;
		};
/* End PBXFrameworksBuildPhase section */

/* Begin PBXGroup section */
		10059ACB310CC5B2A455990C /* Frameworks */ = {
			isa = PBXGroup;
			children = (
				03DF58BDF2C7CE99A5185001 /* Pods_photoalbumsexample.framework */,
				7934ECCE98F9C5F1C3D05371 /* Pods_photoalbumsexample_photoalbumsexampleUITests.framework */,
				3194539214C9E05EB3AEB868 /* Pods_photoalbumsexampleTests.framework */,
			);
			name = Frameworks;
			sourceTree = "<group>";
		};
		2C384C6823FD98C5008AAD85 /* Scenes */ = {
			isa = PBXGroup;
			children = (
				2C384C6923FD98F0008AAD85 /* Users */,
			);
			path = Scenes;
			sourceTree = "<group>";
		};
		2C384C6923FD98F0008AAD85 /* Users */ = {
			isa = PBXGroup;
			children = (
				2C384C8923FDB6D0008AAD85 /* Views */,
				2C384C8423FDA3E6008AAD85 /* Table View */,
				2C384C7623FD9958008AAD85 /* UsersScenePresenter.swift */,
				2C384C7723FD9958008AAD85 /* UsersSceneWorker.swift */,
				2C384C7823FD9958008AAD85 /* UsersSceneRouter.swift */,
				2C384C7923FD9958008AAD85 /* UsersSceneModels.swift */,
				2C384C7A23FD9958008AAD85 /* UsersSceneViewController.swift */,
				2C384C7B23FD9958008AAD85 /* UsersSceneInteractor.swift */,
			);
			path = Users;
			sourceTree = "<group>";
		};
		2C384C8423FDA3E6008AAD85 /* Table View */ = {
			isa = PBXGroup;
			children = (
				2C384C8523FDA3F6008AAD85 /* UsersSceneTableViewDataSource.swift */,
				2C384C8723FDA624008AAD85 /* UsersSceneTableViewDelegate.swift */,
			);
			path = "Table View";
			sourceTree = "<group>";
		};
		2C384C8923FDB6D0008AAD85 /* Views */ = {
			isa = PBXGroup;
			children = (
				2C384C8A23FDB6E0008AAD85 /* ErrorView.swift */,
				2C384C8C23FDD1E2008AAD85 /* UsersTableViewCell.swift */,
			);
			path = Views;
			sourceTree = "<group>";
		};
		2C384C8E23FDD4CD008AAD85 /* Helpers */ = {
			isa = PBXGroup;
			children = (
				2C97546E23FD7D63001BB95C /* URL+ExtensionsTests.swift */,
			);
			path = Helpers;
			sourceTree = "<group>";
		};
		2C384C8F23FDD4D3008AAD85 /* Scenes */ = {
			isa = PBXGroup;
			children = (
				2C384C9023FDD4D8008AAD85 /* Users */,
			);
			path = Scenes;
			sourceTree = "<group>";
		};
		2C384C9023FDD4D8008AAD85 /* Users */ = {
			isa = PBXGroup;
			children = (
				2C384CA023FDD66E008AAD85 /* Mocks */,
				2C384C9923FDD52F008AAD85 /* Test Doubles */,
				2C384C9123FDD4E5008AAD85 /* UsersSceneViewControllerTests.swift */,
				2C384C9223FDD4E5008AAD85 /* UsersSceneInteractorTests.swift */,
				2C384C9423FDD4E5008AAD85 /* UsersScenePresenterTests.swift */,
			);
			path = Users;
			sourceTree = "<group>";
		};
		2C384C9923FDD52F008AAD85 /* Test Doubles */ = {
			isa = PBXGroup;
			children = (
				2C384C9A23FDD53C008AAD85 /* UsersSceneBusinessLogicSpy.swift */,
				2C384C9C23FDD5DA008AAD85 /* UsersScenePresentationLogicSpy.swift */,
				2C384CA123FDD787008AAD85 /* UsersSceneDisplayLogic.swift */,
			);
			path = "Test Doubles";
			sourceTree = "<group>";
		};
		2C384CA023FDD66E008AAD85 /* Mocks */ = {
			isa = PBXGroup;
			children = (
				2C384C9E23FDD66C008AAD85 /* UsersSceneWorkerMock.swift */,
			);
			path = Mocks;
			sourceTree = "<group>";
		};
		2C97542923FD7A5A001BB95C = {
			isa = PBXGroup;
			children = (
				2C97543423FD7A5A001BB95C /* photoalbumsexample */,
				2C97544C23FD7A5B001BB95C /* photoalbumsexampleTests */,
				2C97545723FD7A5B001BB95C /* photoalbumsexampleUITests */,
				2C97543323FD7A5A001BB95C /* Products */,
				36E7EE995B5B0BA36EB810AD /* Pods */,
				10059ACB310CC5B2A455990C /* Frameworks */,
			);
			sourceTree = "<group>";
		};
		2C97543323FD7A5A001BB95C /* Products */ = {
			isa = PBXGroup;
			children = (
				2C97543223FD7A5A001BB95C /* photoalbumsexample.app */,
				2C97544923FD7A5A001BB95C /* photoalbumsexampleTests.xctest */,
				2C97545423FD7A5B001BB95C /* photoalbumsexampleUITests.xctest */,
			);
			name = Products;
			sourceTree = "<group>";
		};
		2C97543423FD7A5A001BB95C /* photoalbumsexample */ = {
			isa = PBXGroup;
			children = (
				2C97547E23FD8945001BB95C /* Networking */,
				2C97547023FD833D001BB95C /* Models */,
				2C97546923FD7C4F001BB95C /* Helpers */,
				2C97546623FD7B45001BB95C /* Configuration */,
				2C384C6823FD98C5008AAD85 /* Scenes */,
				2C97543523FD7A5A001BB95C /* AppDelegate.swift */,
				2C97548323FD93D2001BB95C /* AppNavigationController.swift */,
				2C97543723FD7A5A001BB95C /* ViewController.swift */,
				2C97543F23FD7A5A001BB95C /* Assets.xcassets */,
				2C97544123FD7A5A001BB95C /* LaunchScreen.storyboard */,
				2C97544423FD7A5A001BB95C /* Info.plist */,
				2C97543C23FD7A5A001BB95C /* photoalbumsexample.xcdatamodeld */,
			);
			path = photoalbumsexample;
			sourceTree = "<group>";
		};
		2C97544C23FD7A5B001BB95C /* photoalbumsexampleTests */ = {
			isa = PBXGroup;
			children = (
				2C384C8F23FDD4D3008AAD85 /* Scenes */,
				2C384C8E23FDD4CD008AAD85 /* Helpers */,
				2C97544F23FD7A5B001BB95C /* Info.plist */,
				2C97546D23FD7D62001BB95C /* photoalbumsexampleTests-Bridging-Header.h */,
			);
			path = photoalbumsexampleTests;
			sourceTree = "<group>";
		};
		2C97545723FD7A5B001BB95C /* photoalbumsexampleUITests */ = {
			isa = PBXGroup;
			children = (
				2C97545823FD7A5B001BB95C /* photoalbumsexampleUITests.swift */,
				2C97545A23FD7A5B001BB95C /* Info.plist */,
			);
			path = photoalbumsexampleUITests;
			sourceTree = "<group>";
		};
		2C97546623FD7B45001BB95C /* Configuration */ = {
			isa = PBXGroup;
			children = (
				2C97546723FD7B4E001BB95C /* Constants.swift */,
				2C384C8223FD9C63008AAD85 /* Colors.swift */,
			);
			path = Configuration;
			sourceTree = "<group>";
		};
		2C97546923FD7C4F001BB95C /* Helpers */ = {
			isa = PBXGroup;
			children = (
				2C97546A23FD7C5A001BB95C /* URL+Extensions.swift */,
			);
			path = Helpers;
			sourceTree = "<group>";
		};
		2C97547023FD833D001BB95C /* Models */ = {
			isa = PBXGroup;
			children = (
				2C97547323FD837F001BB95C /* Sub */,
				2C97547123FD834B001BB95C /* User.swift */,
				2C97547A23FD86C4001BB95C /* Album.swift */,
				2C97547C23FD8714001BB95C /* Photo.swift */,
			);
			path = Models;
			sourceTree = "<group>";
		};
		2C97547323FD837F001BB95C /* Sub */ = {
			isa = PBXGroup;
			children = (
				2C97547423FD8386001BB95C /* Address.swift */,
				2C97547623FD839C001BB95C /* Geolocation.swift */,
				2C97547823FD85D3001BB95C /* Company.swift */,
			);
			path = Sub;
			sourceTree = "<group>";
		};
		2C97547E23FD8945001BB95C /* Networking */ = {
			isa = PBXGroup;
			children = (
				2C97547F23FD894D001BB95C /* ApiClient.swift */,
			);
			path = Networking;
			sourceTree = "<group>";
		};
		36E7EE995B5B0BA36EB810AD /* Pods */ = {
			isa = PBXGroup;
			children = (
				C38575BC4E539253BF9FBFA6 /* Pods-photoalbumsexample.debug.xcconfig */,
				152AD58FFAD50D4728A32097 /* Pods-photoalbumsexample.release.xcconfig */,
				4458C82187134689C84D7625 /* Pods-photoalbumsexample-photoalbumsexampleUITests.debug.xcconfig */,
				9246691AE9B58E697563DF13 /* Pods-photoalbumsexample-photoalbumsexampleUITests.release.xcconfig */,
				8FD89C3A4A418B643B90E899 /* Pods-photoalbumsexampleTests.debug.xcconfig */,
				4DFBFA10A52B4317B1F457A0 /* Pods-photoalbumsexampleTests.release.xcconfig */,
			);
			path = Pods;
			sourceTree = "<group>";
		};
/* End PBXGroup section */

/* Begin PBXNativeTarget section */
		2C97543123FD7A5A001BB95C /* photoalbumsexample */ = {
			isa = PBXNativeTarget;
			buildConfigurationList = 2C97545D23FD7A5B001BB95C /* Build configuration list for PBXNativeTarget "photoalbumsexample" */;
			buildPhases = (
				7FF715DF2BF46FDC6C96DB21 /* [CP] Check Pods Manifest.lock */,
				2C97542E23FD7A5A001BB95C /* Sources */,
				2C97542F23FD7A5A001BB95C /* Frameworks */,
				2C97543023FD7A5A001BB95C /* Resources */,
				89085A7B3F17660F1B1FC74C /* [CP] Embed Pods Frameworks */,
			);
			buildRules = (
			);
			dependencies = (
			);
			name = photoalbumsexample;
			productName = photoalbumsexample;
			productReference = 2C97543223FD7A5A001BB95C /* photoalbumsexample.app */;
			productType = "com.apple.product-type.application";
		};
		2C97544823FD7A5A001BB95C /* photoalbumsexampleTests */ = {
			isa = PBXNativeTarget;
			buildConfigurationList = 2C97546023FD7A5B001BB95C /* Build configuration list for PBXNativeTarget "photoalbumsexampleTests" */;
			buildPhases = (
				D9BA4828B3D03C36A6352261 /* [CP] Check Pods Manifest.lock */,
				2C97544523FD7A5A001BB95C /* Sources */,
				2C97544623FD7A5A001BB95C /* Frameworks */,
				2C97544723FD7A5A001BB95C /* Resources */,
			);
			buildRules = (
			);
			dependencies = (
				2C97544B23FD7A5A001BB95C /* PBXTargetDependency */,
			);
			name = photoalbumsexampleTests;
			productName = photoalbumsexampleTests;
			productReference = 2C97544923FD7A5A001BB95C /* photoalbumsexampleTests.xctest */;
			productType = "com.apple.product-type.bundle.unit-test";
		};
		2C97545323FD7A5B001BB95C /* photoalbumsexampleUITests */ = {
			isa = PBXNativeTarget;
			buildConfigurationList = 2C97546323FD7A5B001BB95C /* Build configuration list for PBXNativeTarget "photoalbumsexampleUITests" */;
			buildPhases = (
				4856D858D0FAA52E0468316B /* [CP] Check Pods Manifest.lock */,
				2C97545023FD7A5B001BB95C /* Sources */,
				2C97545123FD7A5B001BB95C /* Frameworks */,
				2C97545223FD7A5B001BB95C /* Resources */,
				2AA7342B0313EBA7F0AFCD4A /* [CP] Embed Pods Frameworks */,
			);
			buildRules = (
			);
			dependencies = (
				2C97545623FD7A5B001BB95C /* PBXTargetDependency */,
			);
			name = photoalbumsexampleUITests;
			productName = photoalbumsexampleUITests;
			productReference = 2C97545423FD7A5B001BB95C /* photoalbumsexampleUITests.xctest */;
			productType = "com.apple.product-type.bundle.ui-testing";
		};
/* End PBXNativeTarget section */

/* Begin PBXProject section */
		2C97542A23FD7A5A001BB95C /* Project object */ = {
			isa = PBXProject;
			attributes = {
				LastSwiftUpdateCheck = 1020;
				LastUpgradeCheck = 1020;
				ORGANIZATIONNAME = "Alejandro Melo Domínguez";
				TargetAttributes = {
					2C97543123FD7A5A001BB95C = {
						CreatedOnToolsVersion = 10.2.1;
					};
					2C97544823FD7A5A001BB95C = {
						CreatedOnToolsVersion = 10.2.1;
						LastSwiftMigration = 1020;
						TestTargetID = 2C97543123FD7A5A001BB95C;
					};
					2C97545323FD7A5B001BB95C = {
						CreatedOnToolsVersion = 10.2.1;
						TestTargetID = 2C97543123FD7A5A001BB95C;
					};
				};
			};
			buildConfigurationList = 2C97542D23FD7A5A001BB95C /* Build configuration list for PBXProject "photoalbumsexample" */;
			compatibilityVersion = "Xcode 9.3";
			developmentRegion = en;
			hasScannedForEncodings = 0;
			knownRegions = (
				en,
				Base,
			);
			mainGroup = 2C97542923FD7A5A001BB95C;
			productRefGroup = 2C97543323FD7A5A001BB95C /* Products */;
			projectDirPath = "";
			projectRoot = "";
			targets = (
				2C97543123FD7A5A001BB95C /* photoalbumsexample */,
				2C97544823FD7A5A001BB95C /* photoalbumsexampleTests */,
				2C97545323FD7A5B001BB95C /* photoalbumsexampleUITests */,
			);
		};
/* End PBXProject section */

/* Begin PBXResourcesBuildPhase section */
		2C97543023FD7A5A001BB95C /* Resources */ = {
			isa = PBXResourcesBuildPhase;
			buildActionMask = 2147483647;
			files = (
				2C97544323FD7A5A001BB95C /* LaunchScreen.storyboard in Resources */,
				2C97544023FD7A5A001BB95C /* Assets.xcassets in Resources */,
			);
			runOnlyForDeploymentPostprocessing = 0;
		};
		2C97544723FD7A5A001BB95C /* Resources */ = {
			isa = PBXResourcesBuildPhase;
			buildActionMask = 2147483647;
			files = (
			);
			runOnlyForDeploymentPostprocessing = 0;
		};
		2C97545223FD7A5B001BB95C /* Resources */ = {
			isa = PBXResourcesBuildPhase;
			buildActionMask = 2147483647;
			files = (
			);
			runOnlyForDeploymentPostprocessing = 0;
		};
/* End PBXResourcesBuildPhase section */

/* Begin PBXShellScriptBuildPhase section */
		2AA7342B0313EBA7F0AFCD4A /* [CP] Embed Pods Frameworks */ = {
			isa = PBXShellScriptBuildPhase;
			buildActionMask = 2147483647;
			files = (
			);
			inputFileListPaths = (
				"${PODS_ROOT}/Target Support Files/Pods-photoalbumsexample-photoalbumsexampleUITests/Pods-photoalbumsexample-photoalbumsexampleUITests-frameworks-${CONFIGURATION}-input-files.xcfilelist",
			);
			name = "[CP] Embed Pods Frameworks";
			outputFileListPaths = (
				"${PODS_ROOT}/Target Support Files/Pods-photoalbumsexample-photoalbumsexampleUITests/Pods-photoalbumsexample-photoalbumsexampleUITests-frameworks-${CONFIGURATION}-output-files.xcfilelist",
			);
			runOnlyForDeploymentPostprocessing = 0;
			shellPath = /bin/sh;
			shellScript = "\"${PODS_ROOT}/Target Support Files/Pods-photoalbumsexample-photoalbumsexampleUITests/Pods-photoalbumsexample-photoalbumsexampleUITests-frameworks.sh\"\n";
			showEnvVarsInLog = 0;
		};
		4856D858D0FAA52E0468316B /* [CP] Check Pods Manifest.lock */ = {
			isa = PBXShellScriptBuildPhase;
			buildActionMask = 2147483647;
			files = (
			);
			inputFileListPaths = (
			);
			inputPaths = (
				"${PODS_PODFILE_DIR_PATH}/Podfile.lock",
				"${PODS_ROOT}/Manifest.lock",
			);
			name = "[CP] Check Pods Manifest.lock";
			outputFileListPaths = (
			);
			outputPaths = (
				"$(DERIVED_FILE_DIR)/Pods-photoalbumsexample-photoalbumsexampleUITests-checkManifestLockResult.txt",
			);
			runOnlyForDeploymentPostprocessing = 0;
			shellPath = /bin/sh;
			shellScript = "diff \"${PODS_PODFILE_DIR_PATH}/Podfile.lock\" \"${PODS_ROOT}/Manifest.lock\" > /dev/null\nif [ $? != 0 ] ; then\n    # print error to STDERR\n    echo \"error: The sandbox is not in sync with the Podfile.lock. Run 'pod install' or update your CocoaPods installation.\" >&2\n    exit 1\nfi\n# This output is used by Xcode 'outputs' to avoid re-running this script phase.\necho \"SUCCESS\" > \"${SCRIPT_OUTPUT_FILE_0}\"\n";
			showEnvVarsInLog = 0;
		};
		7FF715DF2BF46FDC6C96DB21 /* [CP] Check Pods Manifest.lock */ = {
			isa = PBXShellScriptBuildPhase;
			buildActionMask = 2147483647;
			files = (
			);
			inputFileListPaths = (
			);
			inputPaths = (
				"${PODS_PODFILE_DIR_PATH}/Podfile.lock",
				"${PODS_ROOT}/Manifest.lock",
			);
			name = "[CP] Check Pods Manifest.lock";
			outputFileListPaths = (
			);
			outputPaths = (
				"$(DERIVED_FILE_DIR)/Pods-photoalbumsexample-checkManifestLockResult.txt",
			);
			runOnlyForDeploymentPostprocessing = 0;
			shellPath = /bin/sh;
			shellScript = "diff \"${PODS_PODFILE_DIR_PATH}/Podfile.lock\" \"${PODS_ROOT}/Manifest.lock\" > /dev/null\nif [ $? != 0 ] ; then\n    # print error to STDERR\n    echo \"error: The sandbox is not in sync with the Podfile.lock. Run 'pod install' or update your CocoaPods installation.\" >&2\n    exit 1\nfi\n# This output is used by Xcode 'outputs' to avoid re-running this script phase.\necho \"SUCCESS\" > \"${SCRIPT_OUTPUT_FILE_0}\"\n";
			showEnvVarsInLog = 0;
		};
		89085A7B3F17660F1B1FC74C /* [CP] Embed Pods Frameworks */ = {
			isa = PBXShellScriptBuildPhase;
			buildActionMask = 2147483647;
			files = (
			);
			inputFileListPaths = (
				"${PODS_ROOT}/Target Support Files/Pods-photoalbumsexample/Pods-photoalbumsexample-frameworks-${CONFIGURATION}-input-files.xcfilelist",
			);
			name = "[CP] Embed Pods Frameworks";
			outputFileListPaths = (
				"${PODS_ROOT}/Target Support Files/Pods-photoalbumsexample/Pods-photoalbumsexample-frameworks-${CONFIGURATION}-output-files.xcfilelist",
			);
			runOnlyForDeploymentPostprocessing = 0;
			shellPath = /bin/sh;
			shellScript = "\"${PODS_ROOT}/Target Support Files/Pods-photoalbumsexample/Pods-photoalbumsexample-frameworks.sh\"\n";
			showEnvVarsInLog = 0;
		};
		D9BA4828B3D03C36A6352261 /* [CP] Check Pods Manifest.lock */ = {
			isa = PBXShellScriptBuildPhase;
			buildActionMask = 2147483647;
			files = (
			);
			inputFileListPaths = (
			);
			inputPaths = (
				"${PODS_PODFILE_DIR_PATH}/Podfile.lock",
				"${PODS_ROOT}/Manifest.lock",
			);
			name = "[CP] Check Pods Manifest.lock";
			outputFileListPaths = (
			);
			outputPaths = (
				"$(DERIVED_FILE_DIR)/Pods-photoalbumsexampleTests-checkManifestLockResult.txt",
			);
			runOnlyForDeploymentPostprocessing = 0;
			shellPath = /bin/sh;
			shellScript = "diff \"${PODS_PODFILE_DIR_PATH}/Podfile.lock\" \"${PODS_ROOT}/Manifest.lock\" > /dev/null\nif [ $? != 0 ] ; then\n    # print error to STDERR\n    echo \"error: The sandbox is not in sync with the Podfile.lock. Run 'pod install' or update your CocoaPods installation.\" >&2\n    exit 1\nfi\n# This output is used by Xcode 'outputs' to avoid re-running this script phase.\necho \"SUCCESS\" > \"${SCRIPT_OUTPUT_FILE_0}\"\n";
			showEnvVarsInLog = 0;
		};
/* End PBXShellScriptBuildPhase section */

/* Begin PBXSourcesBuildPhase section */
		2C97542E23FD7A5A001BB95C /* Sources */ = {
			isa = PBXSourcesBuildPhase;
			buildActionMask = 2147483647;
			files = (
				2C384C8823FDA624008AAD85 /* UsersSceneTableViewDelegate.swift in Sources */,
				2C384C7D23FD9958008AAD85 /* UsersSceneWorker.swift in Sources */,
				2C384C8323FD9C63008AAD85 /* Colors.swift in Sources */,
				2C384C7F23FD9958008AAD85 /* UsersSceneModels.swift in Sources */,
				2C97547723FD839C001BB95C /* Geolocation.swift in Sources */,
				2C384C7E23FD9958008AAD85 /* UsersSceneRouter.swift in Sources */,
				2C384C8123FD9958008AAD85 /* UsersSceneInteractor.swift in Sources */,
				2C97543E23FD7A5A001BB95C /* photoalbumsexample.xcdatamodeld in Sources */,
				2C384C8B23FDB6E0008AAD85 /* ErrorView.swift in Sources */,
				2C97547923FD85D3001BB95C /* Company.swift in Sources */,
				2C97543823FD7A5A001BB95C /* ViewController.swift in Sources */,
				2C384C8623FDA3F6008AAD85 /* UsersSceneTableViewDataSource.swift in Sources */,
				2C97547223FD834B001BB95C /* User.swift in Sources */,
				2C97546B23FD7C5A001BB95C /* URL+Extensions.swift in Sources */,
				2C97543623FD7A5A001BB95C /* AppDelegate.swift in Sources */,
				2C97547D23FD8714001BB95C /* Photo.swift in Sources */,
				2C384C8D23FDD1E2008AAD85 /* UsersTableViewCell.swift in Sources */,
				2C384C7C23FD9958008AAD85 /* UsersScenePresenter.swift in Sources */,
				2C384C8023FD9958008AAD85 /* UsersSceneViewController.swift in Sources */,
				2C97546823FD7B4E001BB95C /* Constants.swift in Sources */,
				2C97547523FD8386001BB95C /* Address.swift in Sources */,
				2C97547B23FD86C4001BB95C /* Album.swift in Sources */,
				2C97548423FD93D2001BB95C /* AppNavigationController.swift in Sources */,
				2C97548023FD894D001BB95C /* ApiClient.swift in Sources */,
			);
			runOnlyForDeploymentPostprocessing = 0;
		};
		2C97544523FD7A5A001BB95C /* Sources */ = {
			isa = PBXSourcesBuildPhase;
			buildActionMask = 2147483647;
			files = (
				2C384C9623FDD4E5008AAD85 /* UsersSceneInteractorTests.swift in Sources */,
				2C384C9F23FDD66C008AAD85 /* UsersSceneWorkerMock.swift in Sources */,
				2C384C9523FDD4E5008AAD85 /* UsersSceneViewControllerTests.swift in Sources */,
				2C384CA223FDD787008AAD85 /* UsersSceneDisplayLogic.swift in Sources */,
				2C384C9B23FDD53C008AAD85 /* UsersSceneBusinessLogicSpy.swift in Sources */,
				2C384C9D23FDD5DA008AAD85 /* UsersScenePresentationLogicSpy.swift in Sources */,
				2C97546F23FD7D63001BB95C /* URL+ExtensionsTests.swift in Sources */,
				2C384C9823FDD4E5008AAD85 /* UsersScenePresenterTests.swift in Sources */,
			);
			runOnlyForDeploymentPostprocessing = 0;
		};
		2C97545023FD7A5B001BB95C /* Sources */ = {
			isa = PBXSourcesBuildPhase;
			buildActionMask = 2147483647;
			files = (
				2C97545923FD7A5B001BB95C /* photoalbumsexampleUITests.swift in Sources */,
				2C97546C23FD7D19001BB95C /* Constants.swift in Sources */,
			);
			runOnlyForDeploymentPostprocessing = 0;
		};
/* End PBXSourcesBuildPhase section */

/* Begin PBXTargetDependency section */
		2C97544B23FD7A5A001BB95C /* PBXTargetDependency */ = {
			isa = PBXTargetDependency;
			target = 2C97543123FD7A5A001BB95C /* photoalbumsexample */;
			targetProxy = 2C97544A23FD7A5A001BB95C /* PBXContainerItemProxy */;
		};
		2C97545623FD7A5B001BB95C /* PBXTargetDependency */ = {
			isa = PBXTargetDependency;
			target = 2C97543123FD7A5A001BB95C /* photoalbumsexample */;
			targetProxy = 2C97545523FD7A5B001BB95C /* PBXContainerItemProxy */;
		};
/* End PBXTargetDependency section */

/* Begin PBXVariantGroup section */
		2C97544123FD7A5A001BB95C /* LaunchScreen.storyboard */ = {
			isa = PBXVariantGroup;
			children = (
				2C97544223FD7A5A001BB95C /* Base */,
			);
			name = LaunchScreen.storyboard;
			sourceTree = "<group>";
		};
/* End PBXVariantGroup section */

/* Begin XCBuildConfiguration section */
		2C97545B23FD7A5B001BB95C /* Debug */ = {
			isa = XCBuildConfiguration;
			buildSettings = {
				ALWAYS_SEARCH_USER_PATHS = NO;
				CLANG_ANALYZER_NONNULL = YES;
				CLANG_ANALYZER_NUMBER_OBJECT_CONVERSION = YES_AGGRESSIVE;
				CLANG_CXX_LANGUAGE_STANDARD = "gnu++14";
				CLANG_CXX_LIBRARY = "libc++";
				CLANG_ENABLE_MODULES = YES;
				CLANG_ENABLE_OBJC_ARC = YES;
				CLANG_ENABLE_OBJC_WEAK = YES;
				CLANG_WARN_BLOCK_CAPTURE_AUTORELEASING = YES;
				CLANG_WARN_BOOL_CONVERSION = YES;
				CLANG_WARN_COMMA = YES;
				CLANG_WARN_CONSTANT_CONVERSION = YES;
				CLANG_WARN_DEPRECATED_OBJC_IMPLEMENTATIONS = YES;
				CLANG_WARN_DIRECT_OBJC_ISA_USAGE = YES_ERROR;
				CLANG_WARN_DOCUMENTATION_COMMENTS = YES;
				CLANG_WARN_EMPTY_BODY = YES;
				CLANG_WARN_ENUM_CONVERSION = YES;
				CLANG_WARN_INFINITE_RECURSION = YES;
				CLANG_WARN_INT_CONVERSION = YES;
				CLANG_WARN_NON_LITERAL_NULL_CONVERSION = YES;
				CLANG_WARN_OBJC_IMPLICIT_RETAIN_SELF = YES;
				CLANG_WARN_OBJC_LITERAL_CONVERSION = YES;
				CLANG_WARN_OBJC_ROOT_CLASS = YES_ERROR;
				CLANG_WARN_RANGE_LOOP_ANALYSIS = YES;
				CLANG_WARN_STRICT_PROTOTYPES = YES;
				CLANG_WARN_SUSPICIOUS_MOVE = YES;
				CLANG_WARN_UNGUARDED_AVAILABILITY = YES_AGGRESSIVE;
				CLANG_WARN_UNREACHABLE_CODE = YES;
				CLANG_WARN__DUPLICATE_METHOD_MATCH = YES;
				CODE_SIGN_IDENTITY = "iPhone Developer";
				COPY_PHASE_STRIP = NO;
				DEBUG_INFORMATION_FORMAT = dwarf;
				ENABLE_STRICT_OBJC_MSGSEND = YES;
				ENABLE_TESTABILITY = YES;
				GCC_C_LANGUAGE_STANDARD = gnu11;
				GCC_DYNAMIC_NO_PIC = NO;
				GCC_NO_COMMON_BLOCKS = YES;
				GCC_OPTIMIZATION_LEVEL = 0;
				GCC_PREPROCESSOR_DEFINITIONS = (
					"DEBUG=1",
					"$(inherited)",
				);
				GCC_WARN_64_TO_32_BIT_CONVERSION = YES;
				GCC_WARN_ABOUT_RETURN_TYPE = YES_ERROR;
				GCC_WARN_UNDECLARED_SELECTOR = YES;
				GCC_WARN_UNINITIALIZED_AUTOS = YES_AGGRESSIVE;
				GCC_WARN_UNUSED_FUNCTION = YES;
				GCC_WARN_UNUSED_VARIABLE = YES;
				IPHONEOS_DEPLOYMENT_TARGET = 10.0;
				MTL_ENABLE_DEBUG_INFO = INCLUDE_SOURCE;
				MTL_FAST_MATH = YES;
				ONLY_ACTIVE_ARCH = YES;
				SDKROOT = iphoneos;
				SWIFT_ACTIVE_COMPILATION_CONDITIONS = DEBUG;
				SWIFT_OPTIMIZATION_LEVEL = "-Onone";
			};
			name = Debug;
		};
		2C97545C23FD7A5B001BB95C /* Release */ = {
			isa = XCBuildConfiguration;
			buildSettings = {
				ALWAYS_SEARCH_USER_PATHS = NO;
				CLANG_ANALYZER_NONNULL = YES;
				CLANG_ANALYZER_NUMBER_OBJECT_CONVERSION = YES_AGGRESSIVE;
				CLANG_CXX_LANGUAGE_STANDARD = "gnu++14";
				CLANG_CXX_LIBRARY = "libc++";
				CLANG_ENABLE_MODULES = YES;
				CLANG_ENABLE_OBJC_ARC = YES;
				CLANG_ENABLE_OBJC_WEAK = YES;
				CLANG_WARN_BLOCK_CAPTURE_AUTORELEASING = YES;
				CLANG_WARN_BOOL_CONVERSION = YES;
				CLANG_WARN_COMMA = YES;
				CLANG_WARN_CONSTANT_CONVERSION = YES;
				CLANG_WARN_DEPRECATED_OBJC_IMPLEMENTATIONS = YES;
				CLANG_WARN_DIRECT_OBJC_ISA_USAGE = YES_ERROR;
				CLANG_WARN_DOCUMENTATION_COMMENTS = YES;
				CLANG_WARN_EMPTY_BODY = YES;
				CLANG_WARN_ENUM_CONVERSION = YES;
				CLANG_WARN_INFINITE_RECURSION = YES;
				CLANG_WARN_INT_CONVERSION = YES;
				CLANG_WARN_NON_LITERAL_NULL_CONVERSION = YES;
				CLANG_WARN_OBJC_IMPLICIT_RETAIN_SELF = YES;
				CLANG_WARN_OBJC_LITERAL_CONVERSION = YES;
				CLANG_WARN_OBJC_ROOT_CLASS = YES_ERROR;
				CLANG_WARN_RANGE_LOOP_ANALYSIS = YES;
				CLANG_WARN_STRICT_PROTOTYPES = YES;
				CLANG_WARN_SUSPICIOUS_MOVE = YES;
				CLANG_WARN_UNGUARDED_AVAILABILITY = YES_AGGRESSIVE;
				CLANG_WARN_UNREACHABLE_CODE = YES;
				CLANG_WARN__DUPLICATE_METHOD_MATCH = YES;
				CODE_SIGN_IDENTITY = "iPhone Developer";
				COPY_PHASE_STRIP = NO;
				DEBUG_INFORMATION_FORMAT = "dwarf-with-dsym";
				ENABLE_NS_ASSERTIONS = NO;
				ENABLE_STRICT_OBJC_MSGSEND = YES;
				GCC_C_LANGUAGE_STANDARD = gnu11;
				GCC_NO_COMMON_BLOCKS = YES;
				GCC_WARN_64_TO_32_BIT_CONVERSION = YES;
				GCC_WARN_ABOUT_RETURN_TYPE = YES_ERROR;
				GCC_WARN_UNDECLARED_SELECTOR = YES;
				GCC_WARN_UNINITIALIZED_AUTOS = YES_AGGRESSIVE;
				GCC_WARN_UNUSED_FUNCTION = YES;
				GCC_WARN_UNUSED_VARIABLE = YES;
				IPHONEOS_DEPLOYMENT_TARGET = 10.0;
				MTL_ENABLE_DEBUG_INFO = NO;
				MTL_FAST_MATH = YES;
				SDKROOT = iphoneos;
				SWIFT_COMPILATION_MODE = wholemodule;
				SWIFT_OPTIMIZATION_LEVEL = "-O";
				VALIDATE_PRODUCT = YES;
			};
			name = Release;
		};
		2C97545E23FD7A5B001BB95C /* Debug */ = {
			isa = XCBuildConfiguration;
			baseConfigurationReference = C38575BC4E539253BF9FBFA6 /* Pods-photoalbumsexample.debug.xcconfig */;
			buildSettings = {
				ASSETCATALOG_COMPILER_APPICON_NAME = AppIcon;
				CODE_SIGN_STYLE = Automatic;
				DEVELOPMENT_TEAM = 99QSH5L9VP;
				INFOPLIST_FILE = photoalbumsexample/Info.plist;
				LD_RUNPATH_SEARCH_PATHS = (
					"$(inherited)",
					"@executable_path/Frameworks",
				);
				PRODUCT_BUNDLE_IDENTIFIER = cl.penquistas.photoalbumsexample;
				PRODUCT_NAME = "$(TARGET_NAME)";
				SWIFT_VERSION = 5.0;
				TARGETED_DEVICE_FAMILY = "1,2";
			};
			name = Debug;
		};
		2C97545F23FD7A5B001BB95C /* Release */ = {
			isa = XCBuildConfiguration;
			baseConfigurationReference = 152AD58FFAD50D4728A32097 /* Pods-photoalbumsexample.release.xcconfig */;
			buildSettings = {
				ASSETCATALOG_COMPILER_APPICON_NAME = AppIcon;
				CODE_SIGN_STYLE = Automatic;
				DEVELOPMENT_TEAM = 99QSH5L9VP;
				INFOPLIST_FILE = photoalbumsexample/Info.plist;
				LD_RUNPATH_SEARCH_PATHS = (
					"$(inherited)",
					"@executable_path/Frameworks",
				);
				PRODUCT_BUNDLE_IDENTIFIER = cl.penquistas.photoalbumsexample;
				PRODUCT_NAME = "$(TARGET_NAME)";
				SWIFT_VERSION = 5.0;
				TARGETED_DEVICE_FAMILY = "1,2";
			};
			name = Release;
		};
		2C97546123FD7A5B001BB95C /* Debug */ = {
			isa = XCBuildConfiguration;
			baseConfigurationReference = 8FD89C3A4A418B643B90E899 /* Pods-photoalbumsexampleTests.debug.xcconfig */;
			buildSettings = {
				ALWAYS_EMBED_SWIFT_STANDARD_LIBRARIES = YES;
				BUNDLE_LOADER = "$(TEST_HOST)";
				CLANG_ENABLE_MODULES = YES;
				CODE_SIGN_STYLE = Automatic;
				DEVELOPMENT_TEAM = 99QSH5L9VP;
				INFOPLIST_FILE = photoalbumsexampleTests/Info.plist;
				LD_RUNPATH_SEARCH_PATHS = (
					"$(inherited)",
					"@executable_path/Frameworks",
					"@loader_path/Frameworks",
				);
				PRODUCT_BUNDLE_IDENTIFIER = cl.penquistas.photoalbumsexampleTests;
				PRODUCT_NAME = "$(TARGET_NAME)";
				SWIFT_OBJC_BRIDGING_HEADER = "photoalbumsexampleTests/photoalbumsexampleTests-Bridging-Header.h";
				SWIFT_OPTIMIZATION_LEVEL = "-Onone";
				SWIFT_VERSION = 5.0;
				TARGETED_DEVICE_FAMILY = "1,2";
				TEST_HOST = "$(BUILT_PRODUCTS_DIR)/photoalbumsexample.app/photoalbumsexample";
			};
			name = Debug;
		};
		2C97546223FD7A5B001BB95C /* Release */ = {
			isa = XCBuildConfiguration;
			baseConfigurationReference = 4DFBFA10A52B4317B1F457A0 /* Pods-photoalbumsexampleTests.release.xcconfig */;
			buildSettings = {
				ALWAYS_EMBED_SWIFT_STANDARD_LIBRARIES = YES;
				BUNDLE_LOADER = "$(TEST_HOST)";
				CLANG_ENABLE_MODULES = YES;
				CODE_SIGN_STYLE = Automatic;
				DEVELOPMENT_TEAM = 99QSH5L9VP;
				INFOPLIST_FILE = photoalbumsexampleTests/Info.plist;
				LD_RUNPATH_SEARCH_PATHS = (
					"$(inherited)",
					"@executable_path/Frameworks",
					"@loader_path/Frameworks",
				);
				PRODUCT_BUNDLE_IDENTIFIER = cl.penquistas.photoalbumsexampleTests;
				PRODUCT_NAME = "$(TARGET_NAME)";
				SWIFT_OBJC_BRIDGING_HEADER = "photoalbumsexampleTests/photoalbumsexampleTests-Bridging-Header.h";
				SWIFT_VERSION = 5.0;
				TARGETED_DEVICE_FAMILY = "1,2";
				TEST_HOST = "$(BUILT_PRODUCTS_DIR)/photoalbumsexample.app/photoalbumsexample";
			};
			name = Release;
		};
		2C97546423FD7A5B001BB95C /* Debug */ = {
			isa = XCBuildConfiguration;
			baseConfigurationReference = 4458C82187134689C84D7625 /* Pods-photoalbumsexample-photoalbumsexampleUITests.debug.xcconfig */;
			buildSettings = {
				ALWAYS_EMBED_SWIFT_STANDARD_LIBRARIES = YES;
				CODE_SIGN_STYLE = Automatic;
				DEVELOPMENT_TEAM = 99QSH5L9VP;
				INFOPLIST_FILE = photoalbumsexampleUITests/Info.plist;
				LD_RUNPATH_SEARCH_PATHS = (
					"$(inherited)",
					"@executable_path/Frameworks",
					"@loader_path/Frameworks",
				);
				PRODUCT_BUNDLE_IDENTIFIER = cl.penquistas.photoalbumsexampleUITests;
				PRODUCT_NAME = "$(TARGET_NAME)";
				SWIFT_VERSION = 5.0;
				TARGETED_DEVICE_FAMILY = "1,2";
				TEST_TARGET_NAME = photoalbumsexample;
			};
			name = Debug;
		};
		2C97546523FD7A5B001BB95C /* Release */ = {
			isa = XCBuildConfiguration;
			baseConfigurationReference = 9246691AE9B58E697563DF13 /* Pods-photoalbumsexample-photoalbumsexampleUITests.release.xcconfig */;
			buildSettings = {
				ALWAYS_EMBED_SWIFT_STANDARD_LIBRARIES = YES;
				CODE_SIGN_STYLE = Automatic;
				DEVELOPMENT_TEAM = 99QSH5L9VP;
				INFOPLIST_FILE = photoalbumsexampleUITests/Info.plist;
				LD_RUNPATH_SEARCH_PATHS = (
					"$(inherited)",
					"@executable_path/Frameworks",
					"@loader_path/Frameworks",
				);
				PRODUCT_BUNDLE_IDENTIFIER = cl.penquistas.photoalbumsexampleUITests;
				PRODUCT_NAME = "$(TARGET_NAME)";
				SWIFT_VERSION = 5.0;
				TARGETED_DEVICE_FAMILY = "1,2";
				TEST_TARGET_NAME = photoalbumsexample;
			};
			name = Release;
		};
/* End XCBuildConfiguration section */

/* Begin XCConfigurationList section */
		2C97542D23FD7A5A001BB95C /* Build configuration list for PBXProject "photoalbumsexample" */ = {
			isa = XCConfigurationList;
			buildConfigurations = (
				2C97545B23FD7A5B001BB95C /* Debug */,
				2C97545C23FD7A5B001BB95C /* Release */,
			);
			defaultConfigurationIsVisible = 0;
			defaultConfigurationName = Release;
		};
		2C97545D23FD7A5B001BB95C /* Build configuration list for PBXNativeTarget "photoalbumsexample" */ = {
			isa = XCConfigurationList;
			buildConfigurations = (
				2C97545E23FD7A5B001BB95C /* Debug */,
				2C97545F23FD7A5B001BB95C /* Release */,
			);
			defaultConfigurationIsVisible = 0;
			defaultConfigurationName = Release;
		};
		2C97546023FD7A5B001BB95C /* Build configuration list for PBXNativeTarget "photoalbumsexampleTests" */ = {
			isa = XCConfigurationList;
			buildConfigurations = (
				2C97546123FD7A5B001BB95C /* Debug */,
				2C97546223FD7A5B001BB95C /* Release */,
			);
			defaultConfigurationIsVisible = 0;
			defaultConfigurationName = Release;
		};
		2C97546323FD7A5B001BB95C /* Build configuration list for PBXNativeTarget "photoalbumsexampleUITests" */ = {
			isa = XCConfigurationList;
			buildConfigurations = (
				2C97546423FD7A5B001BB95C /* Debug */,
				2C97546523FD7A5B001BB95C /* Release */,
			);
			defaultConfigurationIsVisible = 0;
			defaultConfigurationName = Release;
		};
/* End XCConfigurationList section */

/* Begin XCVersionGroup section */
		2C97543C23FD7A5A001BB95C /* photoalbumsexample.xcdatamodeld */ = {
			isa = XCVersionGroup;
			children = (
				2C97543D23FD7A5A001BB95C /* photoalbumsexample.xcdatamodel */,
			);
			currentVersion = 2C97543D23FD7A5A001BB95C /* photoalbumsexample.xcdatamodel */;
			path = photoalbumsexample.xcdatamodeld;
			sourceTree = "<group>";
			versionGroupType = wrapper.xcdatamodel;
		};
/* End XCVersionGroup section */
	};
	rootObject = 2C97542A23FD7A5A001BB95C /* Project object */;
}
